
Microsoft Visual Studio Solution File, Format Version 12.00
# Visual Studio Version 17
VisualStudioVersion = 17.0.31903.59
MinimumVisualStudioVersion = 10.0.40219.1
Project("{2150E333-8FDC-42A3-9474-1A3956D46DE8}") = "src", "src", "{827E0CD3-B72D-47B6-A68D-7590B98EB39B}"
EndProject
Project("{FAE04EC0-301F-11D3-BF4B-00C04F79EFBC}") = "QueenZone.Data", "src\QueenZone.Data\QueenZone.Data.csproj", "{A347CA80-CE48-434E-AF9F-D56BF169A602}"
EndProject
Project("{FAE04EC0-301F-11D3-BF4B-00C04F79EFBC}") = "QueenZone.Web", "src\QueenZone.Web\QueenZone.Web.csproj", "{D67C31B6-3E40-403A-B5AD-C073B2C8C2DA}"
EndProject
Project("{2150E333-8FDC-42A3-9474-1A3956D46DE8}") = "tests", "tests", "{0AB3BF05-4346-4AA6-1389-037BE0695223}"
EndProject
Project("{FAE04EC0-301F-11D3-BF4B-00C04F79EFBC}") = "QueenZone.Web.Tests", "tests\QueenZone.Web.Tests\QueenZone.Web.Tests.csproj", "{19B6592F-1741-4127-8FE1-DD92E91BC289}"
EndProject
Project("{FAE04EC0-301F-11D3-BF4B-00C04F79EFBC}") = "QueenZone.NewsAgent", "src\QueenZone.NewsAgent\QueenZone.NewsAgent.csproj", "{4F810EC5-EE5F-42EE-9EC1-CF5EA90A039E}"
EndProject
Project("{FAE04EC0-301F-11D3-BF4B-00C04F79EFBC}") = "QueenZone.NewsAgent.Worker", "src\QueenZone.NewsAgent.Worker\QueenZone.NewsAgent.Worker.csproj", "{F6CEEA12-91A6-42CA-8100-373B0EBE4D3D}"
EndProject
Global
	GlobalSection(SolutionConfigurationPlatforms) = preSolution
		Debug|Any CPU = Debug|Any CPU
		Debug|x64 = Debug|x64
		Debug|x86 = Debug|x86
		Release|Any CPU = Release|Any CPU
		Release|x64 = Release|x64
		Release|x86 = Release|x86
	EndGlobalSection
	GlobalSection(ProjectConfigurationPlatforms) = postSolution
		{A347CA80-CE48-434E-AF9F-D56BF169A602}.Debug|Any CPU.ActiveCfg = Debug|Any CPU
		{A347CA80-CE48-434E-AF9F-D56BF169A602}.Debug|Any CPU.Build.0 = Debug|Any CPU
		{A347CA80-CE48-434E-AF9F-D56BF169A602}.Debug|x64.ActiveCfg = Debug|Any CPU
		{A347CA80-CE48-434E-AF9F-D56BF169A602}.Debug|x64.Build.0 = Debug|Any CPU
		{A347CA80-CE48-434E-AF9F-D56BF169A602}.Debug|x86.ActiveCfg = Debug|Any CPU
		{A347CA80-CE48-434E-AF9F-D56BF169A602}.Debug|x86.Build.0 = Debug|Any CPU
		{A347CA80-CE48-434E-AF9F-D56BF169A602}.Release|Any CPU.ActiveCfg = Release|Any CPU
		{A347CA80-CE48-434E-AF9F-D56BF169A602}.Release|Any CPU.Build.0 = Release|Any CPU
		{A347CA80-CE48-434E-AF9F-D56BF169A602}.Release|x64.ActiveCfg = Release|Any CPU
		{A347CA80-CE48-434E-AF9F-D56BF169A602}.Release|x64.Build.0 = Release|Any CPU
		{A347CA80-CE48-434E-AF9F-D56BF169A602}.Release|x86.ActiveCfg = Release|Any CPU
		{A347CA80-CE48-434E-AF9F-D56BF169A602}.Release|x86.Build.0 = Release|Any CPU
		{D67C31B6-3E40-403A-B5AD-C073B2C8C2DA}.Debug|Any CPU.ActiveCfg = Debug|Any CPU
		{D67C31B6-3E40-403A-B5AD-C073B2C8C2DA}.Debug|Any CPU.Build.0 = Debug|Any CPU
		{D67C31B6-3E40-403A-B5AD-C073B2C8C2DA}.Debug|x64.ActiveCfg = Debug|Any CPU
		{D67C31B6-3E40-403A-B5AD-C073B2C8C2DA}.Debug|x64.Build.0 = Debug|Any CPU
		{D67C31B6-3E40-403A-B5AD-C073B2C8C2DA}.Debug|x86.ActiveCfg = Debug|Any CPU
		{D67C31B6-3E40-403A-B5AD-C073B2C8C2DA}.Debug|x86.Build.0 = Debug|Any CPU
		{D67C31B6-3E40-403A-B5AD-C073B2C8C2DA}.Release|Any CPU.ActiveCfg = Release|Any CPU
		{D67C31B6-3E40-403A-B5AD-C073B2C8C2DA}.Release|Any CPU.Build.0 = Release|Any CPU
		{D67C31B6-3E40-403A-B5AD-C073B2C8C2DA}.Release|x64.ActiveCfg = Release|Any CPU
		{D67C31B6-3E40-403A-B5AD-C073B2C8C2DA}.Release|x64.Build.0 = Release|Any CPU
		{D67C31B6-3E40-403A-B5AD-C073B2C8C2DA}.Release|x86.ActiveCfg = Release|Any CPU
		{D67C31B6-3E40-403A-B5AD-C073B2C8C2DA}.Release|x86.Build.0 = Release|Any CPU
		{19B6592F-1741-4127-8FE1-DD92E91BC289}.Debug|Any CPU.ActiveCfg = Debug|Any CPU
		{19B6592F-1741-4127-8FE1-DD92E91BC289}.Debug|Any CPU.Build.0 = Debug|Any CPU
		{19B6592F-1741-4127-8FE1-DD92E91BC289}.Debug|x64.ActiveCfg = Debug|Any CPU
		{19B6592F-1741-4127-8FE1-DD92E91BC289}.Debug|x64.Build.0 = Debug|Any CPU
		{19B6592F-1741-4127-8FE1-DD92E91BC289}.Debug|x86.ActiveCfg = Debug|Any CPU
		{19B6592F-1741-4127-8FE1-DD92E91BC289}.Debug|x86.Build.0 = Debug|Any CPU
		{19B6592F-1741-4127-8FE1-DD92E91BC289}.Release|Any CPU.ActiveCfg = Release|Any CPU
		{19B6592F-1741-4127-8FE1-DD92E91BC289}.Release|Any CPU.Build.0 = Release|Any CPU
		{19B6592F-1741-4127-8FE1-DD92E91BC289}.Release|x64.ActiveCfg = Release|Any CPU
		{19B6592F-1741-4127-8FE1-DD92E91BC289}.Release|x64.Build.0 = Release|Any CPU
		{19B6592F-1741-4127-8FE1-DD92E91BC289}.Release|x86.ActiveCfg = Release|Any CPU
		{19B6592F-1741-4127-8FE1-DD92E91BC289}.Release|x86.Build.0 = Release|Any CPU
		{4F810EC5-EE5F-42EE-9EC1-CF5EA90A039E}.Debug|Any CPU.ActiveCfg = Debug|Any CPU
		{4F810EC5-EE5F-42EE-9EC1-CF5EA90A039E}.Debug|Any CPU.Build.0 = Debug|Any CPU
		{4F810EC5-EE5F-42EE-9EC1-CF5EA90A039E}.Debug|x64.ActiveCfg = Debug|Any CPU
		{4F810EC5-EE5F-42EE-9EC1-CF5EA90A039E}.Debug|x64.Build.0 = Debug|Any CPU
		{4F810EC5-EE5F-42EE-9EC1-CF5EA90A039E}.Debug|x86.ActiveCfg = Debug|Any CPU
		{4F810EC5-EE5F-42EE-9EC1-CF5EA90A039E}.Debug|x86.Build.0 = Debug|Any CPU
		{4F810EC5-EE5F-42EE-9EC1-CF5EA90A039E}.Release|Any CPU.ActiveCfg = Release|Any CPU
		{4F810EC5-EE5F-42EE-9EC1-CF5EA90A039E}.Release|Any CPU.Build.0 = Release|Any CPU
		{4F810EC5-EE5F-42EE-9EC1-CF5EA90A039E}.Release|x64.ActiveCfg = Release|Any CPU
		{4F810EC5-EE5F-42EE-9EC1-CF5EA90A039E}.Release|x64.Build.0 = Release|Any CPU
		{4F810EC5-EE5F-42EE-9EC1-CF5EA90A039E}.Release|x86.ActiveCfg = Release|Any CPU
		{4F810EC5-EE5F-42EE-9EC1-CF5EA90A039E}.Release|x86.Build.0 = Release|Any CPU
		{F6CEEA12-91A6-42CA-8100-373B0EBE4D3D}.Debug|Any CPU.ActiveCfg = Debug|Any CPU
		{F6CEEA12-91A6-42CA-8100-373B0EBE4D3D}.Debug|Any CPU.Build.0 = Debug|Any CPU
		{F6CEEA12-91A6-42CA-8100-373B0EBE4D3D}.Debug|x64.ActiveCfg = Debug|Any CPU
		{F6CEEA12-91A6-42CA-8100-373B0EBE4D3D}.Debug|x64.Build.0 = Debug|Any CPU
		{F6CEEA12-91A6-42CA-8100-373B0EBE4D3D}.Debug|x86.ActiveCfg = Debug|Any CPU
		{F6CEEA12-91A6-42CA-8100-373B0EBE4D3D}.Debug|x86.Build.0 = Debug|Any CPU
		{F6CEEA12-91A6-42CA-8100-373B0EBE4D3D}.Release|Any CPU.ActiveCfg = Release|Any CPU
		{F6CEEA12-91A6-42CA-8100-373B0EBE4D3D}.Release|Any CPU.Build.0 = Release|Any CPU
		{F6CEEA12-91A6-42CA-8100-373B0EBE4D3D}.Release|x64.ActiveCfg = Release|Any CPU
		{F6CEEA12-91A6-42CA-8100-373B0EBE4D3D}.Release|x64.Build.0 = Release|Any CPU
		{F6CEEA12-91A6-42CA-8100-373B0EBE4D3D}.Release|x86.ActiveCfg = Release|Any CPU
		{F6CEEA12-91A6-42CA-8100-373B0EBE4D3D}.Release|x86.Build.0 = Release|Any CPU
	EndGlobalSection
	GlobalSection(SolutionProperties) = preSolution
		HideSolutionNode = FALSE
	EndGlobalSection
	GlobalSection(NestedProjects) = preSolution
		{A347CA80-CE48-434E-AF9F-D56BF169A602} = {827E0CD3-B72D-47B6-A68D-7590B98EB39B}
		{D67C31B6-3E40-403A-B5AD-C073B2C8C2DA} = {827E0CD3-B72D-47B6-A68D-7590B98EB39B}
		{19B6592F-1741-4127-8FE1-DD92E91BC289} = {0AB3BF05-4346-4AA6-1389-037BE0695223}
		{4F810EC5-EE5F-42EE-9EC1-CF5EA90A039E} = {827E0CD3-B72D-47B6-A68D-7590B98EB39B}
		{F6CEEA12-91A6-42CA-8100-373B0EBE4D3D} = {827E0CD3-B72D-47B6-A68D-7590B98EB39B}
	EndGlobalSection
EndGlobal
